Microsoft Visual Studio Solution File, Format Version 12.00
# Visual Studio Version 17
VisualStudioVersion = 17.9.34607.119
MinimumVisualStudioVersion = 16.0.0.0
Project("{9A19103F-16F7-4668-BE54-9A1E7A4F7556}") = "JokersJunction.Server", "Server\JokersJunction.Server.csproj", "{58E54F57-5380-44C8-9870-11218FAC5BF6}"
EndProject
Project("{9A19103F-16F7-4668-BE54-9A1E7A4F7556}") = "JokersJunction.Client", "Client\JokersJunction.Client.csproj", "{EED968A5-EA0B-48F3-94F0-9E27585ABB1D}"
EndProject
Project("{9A19103F-16F7-4668-BE54-9A1E7A4F7556}") = "JokersJunction.Shared", "Shared\JokersJunction.Shared.csproj", "{60C1D19D-4DFA-4EA1-B87D-781954F3A076}"
EndProject
Project("{9A19103F-16F7-4668-BE54-9A1E7A4F7556}") = "JokersJunction.ApiGateway", "ApiGateway\JokersJunction.ApiGateway.csproj", "{5820DB03-B1C0-4534-9113-C4D169C20C05}"
EndProject
Project("{9A19103F-16F7-4668-BE54-9A1E7A4F7556}") = "JokersJunction.Authentication", "Authentication\JokersJunction.Authentication.csproj", "{40E70954-FF67-4418-81BC-1236D4536450}"
EndProject
Project("{9A19103F-16F7-4668-BE54-9A1E7A4F7556}") = "JokersJunction.Bank", "Bank\JokersJunction.Bank.csproj", "{1D7759C2-70FF-4DA4-8AF1-4E5B333FF499}"
EndProject
Project("{9A19103F-16F7-4668-BE54-9A1E7A4F7556}") = "JokersJunction.Common", "Common\JokersJunction.Common.csproj", "{004225D1-895E-48CE-BC6B-0D408BB30607}"
EndProject
Project("{9A19103F-16F7-4668-BE54-9A1E7A4F7556}") = "JokersJunction.GameManagement", "GameManagement\JokersJunction.GameManagement.csproj", "{E4437467-19AD-4227-A50C-9A656B0F529E}"
EndProject
Project("{9A19103F-16F7-4668-BE54-9A1E7A4F7556}") = "JokersJunction.PlayerProfile", "PlayerProfile\JokersJunction.PlayerProfile.csproj", "{6D51F8A6-5879-459E-AD7F-8C4E5465B217}"
EndProject
Project("{9A19103F-16F7-4668-BE54-9A1E7A4F7556}") = "JokersJunction.Table", "Table\JokersJunction.Table.csproj", "{FF2BA920-DE55-4F0B-B57A-16C35263AD28}"
EndProject
Global
	GlobalSection(SolutionConfigurationPlatforms) = preSolution
		Debug|Any CPU = Debug|Any CPU
		Debug|x64 = Debug|x64
		Debug|x86 = Debug|x86
		Release|Any CPU = Release|Any CPU
		Release|x64 = Release|x64
		Release|x86 = Release|x86
	EndGlobalSection
	GlobalSection(ProjectConfigurationPlatforms) = postSolution
		{58E54F57-5380-44C8-9870-11218FAC5BF6}.Debug|Any CPU.ActiveCfg = Debug|Any CPU
		{58E54F57-5380-44C8-9870-11218FAC5BF6}.Debug|Any CPU.Build.0 = Debug|Any CPU
		{58E54F57-5380-44C8-9870-11218FAC5BF6}.Debug|x64.ActiveCfg = Debug|Any CPU
		{58E54F57-5380-44C8-9870-11218FAC5BF6}.Debug|x64.Build.0 = Debug|Any CPU
		{58E54F57-5380-44C8-9870-11218FAC5BF6}.Debug|x86.ActiveCfg = Debug|Any CPU
		{58E54F57-5380-44C8-9870-11218FAC5BF6}.Debug|x86.Build.0 = Debug|Any CPU
		{58E54F57-5380-44C8-9870-11218FAC5BF6}.Release|Any CPU.ActiveCfg = Release|Any CPU
		{58E54F57-5380-44C8-9870-11218FAC5BF6}.Release|Any CPU.Build.0 = Release|Any CPU
		{58E54F57-5380-44C8-9870-11218FAC5BF6}.Release|x64.ActiveCfg = Release|Any CPU
		{58E54F57-5380-44C8-9870-11218FAC5BF6}.Release|x64.Build.0 = Release|Any CPU
		{58E54F57-5380-44C8-9870-11218FAC5BF6}.Release|x86.ActiveCfg = Release|Any CPU
		{58E54F57-5380-44C8-9870-11218FAC5BF6}.Release|x86.Build.0 = Release|Any CPU
		{EED968A5-EA0B-48F3-94F0-9E27585ABB1D}.Debug|Any CPU.ActiveCfg = Debug|Any CPU
		{EED968A5-EA0B-48F3-94F0-9E27585ABB1D}.Debug|Any CPU.Build.0 = Debug|Any CPU
		{EED968A5-EA0B-48F3-94F0-9E27585ABB1D}.Debug|x64.ActiveCfg = Debug|Any CPU
		{EED968A5-EA0B-48F3-94F0-9E27585ABB1D}.Debug|x64.Build.0 = Debug|Any CPU
		{EED968A5-EA0B-48F3-94F0-9E27585ABB1D}.Debug|x86.ActiveCfg = Debug|Any CPU
		{EED968A5-EA0B-48F3-94F0-9E27585ABB1D}.Debug|x86.Build.0 = Debug|Any CPU
		{EED968A5-EA0B-48F3-94F0-9E27585ABB1D}.Release|Any CPU.ActiveCfg = Release|Any CPU
		{EED968A5-EA0B-48F3-94F0-9E27585ABB1D}.Release|Any CPU.Build.0 = Release|Any CPU
		{EED968A5-EA0B-48F3-94F0-9E27585ABB1D}.Release|x64.ActiveCfg = Release|Any CPU
		{EED968A5-EA0B-48F3-94F0-9E27585ABB1D}.Release|x64.Build.0 = Release|Any CPU
		{EED968A5-EA0B-48F3-94F0-9E27585ABB1D}.Release|x86.ActiveCfg = Release|Any CPU
		{EED968A5-EA0B-48F3-94F0-9E27585ABB1D}.Release|x86.Build.0 = Release|Any CPU
		{60C1D19D-4DFA-4EA1-B87D-781954F3A076}.Debug|Any CPU.ActiveCfg = Debug|Any CPU
		{60C1D19D-4DFA-4EA1-B87D-781954F3A076}.Debug|Any CPU.Build.0 = Debug|Any CPU
		{60C1D19D-4DFA-4EA1-B87D-781954F3A076}.Debug|x64.ActiveCfg = Debug|Any CPU
		{60C1D19D-4DFA-4EA1-B87D-781954F3A076}.Debug|x64.Build.0 = Debug|Any CPU
		{60C1D19D-4DFA-4EA1-B87D-781954F3A076}.Debug|x86.ActiveCfg = Debug|Any CPU
		{60C1D19D-4DFA-4EA1-B87D-781954F3A076}.Debug|x86.Build.0 = Debug|Any CPU
		{60C1D19D-4DFA-4EA1-B87D-781954F3A076}.Release|Any CPU.ActiveCfg = Release|Any CPU
		{60C1D19D-4DFA-4EA1-B87D-781954F3A076}.Release|Any CPU.Build.0 = Release|Any CPU
		{60C1D19D-4DFA-4EA1-B87D-781954F3A076}.Release|x64.ActiveCfg = Release|Any CPU
		{60C1D19D-4DFA-4EA1-B87D-781954F3A076}.Release|x64.Build.0 = Release|Any CPU
		{60C1D19D-4DFA-4EA1-B87D-781954F3A076}.Release|x86.ActiveCfg = Release|Any CPU
		{60C1D19D-4DFA-4EA1-B87D-781954F3A076}.Release|x86.Build.0 = Release|Any CPU
		{5820DB03-B1C0-4534-9113-C4D169C20C05}.Debug|Any CPU.ActiveCfg = Debug|Any CPU
		{5820DB03-B1C0-4534-9113-C4D169C20C05}.Debug|Any CPU.Build.0 = Debug|Any CPU
		{5820DB03-B1C0-4534-9113-C4D169C20C05}.Debug|x64.ActiveCfg = Debug|Any CPU
		{5820DB03-B1C0-4534-9113-C4D169C20C05}.Debug|x64.Build.0 = Debug|Any CPU
		{5820DB03-B1C0-4534-9113-C4D169C20C05}.Debug|x86.ActiveCfg = Debug|Any CPU
		{5820DB03-B1C0-4534-9113-C4D169C20C05}.Debug|x86.Build.0 = Debug|Any CPU
		{5820DB03-B1C0-4534-9113-C4D169C20C05}.Release|Any CPU.ActiveCfg = Release|Any CPU
		{5820DB03-B1C0-4534-9113-C4D169C20C05}.Release|Any CPU.Build.0 = Release|Any CPU
		{5820DB03-B1C0-4534-9113-C4D169C20C05}.Release|x64.ActiveCfg = Release|Any CPU
		{5820DB03-B1C0-4534-9113-C4D169C20C05}.Release|x64.Build.0 = Release|Any CPU
		{5820DB03-B1C0-4534-9113-C4D169C20C05}.Release|x86.ActiveCfg = Release|Any CPU
		{5820DB03-B1C0-4534-9113-C4D169C20C05}.Release|x86.Build.0 = Release|Any CPU
		{40E70954-FF67-4418-81BC-1236D4536450}.Debug|Any CPU.ActiveCfg = Debug|Any CPU
		{40E70954-FF67-4418-81BC-1236D4536450}.Debug|Any CPU.Build.0 = Debug|Any CPU
		{40E70954-FF67-4418-81BC-1236D4536450}.Debug|x64.ActiveCfg = Debug|Any CPU
		{40E70954-FF67-4418-81BC-1236D4536450}.Debug|x64.Build.0 = Debug|Any CPU
		{40E70954-FF67-4418-81BC-1236D4536450}.Debug|x86.ActiveCfg = Debug|Any CPU
		{40E70954-FF67-4418-81BC-1236D4536450}.Debug|x86.Build.0 = Debug|Any CPU
		{40E70954-FF67-4418-81BC-1236D4536450}.Release|Any CPU.ActiveCfg = Release|Any CPU
		{40E70954-FF67-4418-81BC-1236D4536450}.Release|Any CPU.Build.0 = Release|Any CPU
		{40E70954-FF67-4418-81BC-1236D4536450}.Release|x64.ActiveCfg = Release|Any CPU
		{40E70954-FF67-4418-81BC-1236D4536450}.Release|x64.Build.0 = Release|Any CPU
		{40E70954-FF67-4418-81BC-1236D4536450}.Release|x86.ActiveCfg = Release|Any CPU
		{40E70954-FF67-4418-81BC-1236D4536450}.Release|x86.Build.0 = Release|Any CPU
		{1D7759C2-70FF-4DA4-8AF1-4E5B333FF499}.Debug|Any CPU.ActiveCfg = Debug|Any CPU
		{1D7759C2-70FF-4DA4-8AF1-4E5B333FF499}.Debug|Any CPU.Build.0 = Debug|Any CPU
		{1D7759C2-70FF-4DA4-8AF1-4E5B333FF499}.Debug|x64.ActiveCfg = Debug|Any CPU
		{1D7759C2-70FF-4DA4-8AF1-4E5B333FF499}.Debug|x64.Build.0 = Debug|Any CPU
		{1D7759C2-70FF-4DA4-8AF1-4E5B333FF499}.Debug|x86.ActiveCfg = Debug|Any CPU
		{1D7759C2-70FF-4DA4-8AF1-4E5B333FF499}.Debug|x86.Build.0 = Debug|Any CPU
		{1D7759C2-70FF-4DA4-8AF1-4E5B333FF499}.Release|Any CPU.ActiveCfg = Release|Any CPU
		{1D7759C2-70FF-4DA4-8AF1-4E5B333FF499}.Release|Any CPU.Build.0 = Release|Any CPU
		{1D7759C2-70FF-4DA4-8AF1-4E5B333FF499}.Release|x64.ActiveCfg = Release|Any CPU
		{1D7759C2-70FF-4DA4-8AF1-4E5B333FF499}.Release|x64.Build.0 = Release|Any CPU
		{1D7759C2-70FF-4DA4-8AF1-4E5B333FF499}.Release|x86.ActiveCfg = Release|Any CPU
		{1D7759C2-70FF-4DA4-8AF1-4E5B333FF499}.Release|x86.Build.0 = Release|Any CPU
		{004225D1-895E-48CE-BC6B-0D408BB30607}.Debug|Any CPU.ActiveCfg = Debug|Any CPU
		{004225D1-895E-48CE-BC6B-0D408BB30607}.Debug|Any CPU.Build.0 = Debug|Any CPU
		{004225D1-895E-48CE-BC6B-0D408BB30607}.Debug|x64.ActiveCfg = Debug|Any CPU
		{004225D1-895E-48CE-BC6B-0D408BB30607}.Debug|x64.Build.0 = Debug|Any CPU
		{004225D1-895E-48CE-BC6B-0D408BB30607}.Debug|x86.ActiveCfg = Debug|Any CPU
		{004225D1-895E-48CE-BC6B-0D408BB30607}.Debug|x86.Build.0 = Debug|Any CPU
		{004225D1-895E-48CE-BC6B-0D408BB30607}.Release|Any CPU.ActiveCfg = Release|Any CPU
		{004225D1-895E-48CE-BC6B-0D408BB30607}.Release|Any CPU.Build.0 = Release|Any CPU
		{004225D1-895E-48CE-BC6B-0D408BB30607}.Release|x64.ActiveCfg = Release|Any CPU
		{004225D1-895E-48CE-BC6B-0D408BB30607}.Release|x64.Build.0 = Release|Any CPU
		{004225D1-895E-48CE-BC6B-0D408BB30607}.Release|x86.ActiveCfg = Release|Any CPU
		{004225D1-895E-48CE-BC6B-0D408BB30607}.Release|x86.Build.0 = Release|Any CPU
		{E4437467-19AD-4227-A50C-9A656B0F529E}.Debug|Any CPU.ActiveCfg = Debug|Any CPU
		{E4437467-19AD-4227-A50C-9A656B0F529E}.Debug|Any CPU.Build.0 = Debug|Any CPU
		{E4437467-19AD-4227-A50C-9A656B0F529E}.Debug|x64.ActiveCfg = Debug|Any CPU
		{E4437467-19AD-4227-A50C-9A656B0F529E}.Debug|x64.Build.0 = Debug|Any CPU
		{E4437467-19AD-4227-A50C-9A656B0F529E}.Debug|x86.ActiveCfg = Debug|Any CPU
		{E4437467-19AD-4227-A50C-9A656B0F529E}.Debug|x86.Build.0 = Debug|Any CPU
		{E4437467-19AD-4227-A50C-9A656B0F529E}.Release|Any CPU.ActiveCfg = Release|Any CPU
		{E4437467-19AD-4227-A50C-9A656B0F529E}.Release|Any CPU.Build.0 = Release|Any CPU
		{E4437467-19AD-4227-A50C-9A656B0F529E}.Release|x64.ActiveCfg = Release|Any CPU
		{E4437467-19AD-4227-A50C-9A656B0F529E}.Release|x64.Build.0 = Release|Any CPU
		{E4437467-19AD-4227-A50C-9A656B0F529E}.Release|x86.ActiveCfg = Release|Any CPU
		{E4437467-19AD-4227-A50C-9A656B0F529E}.Release|x86.Build.0 = Release|Any CPU
		{6D51F8A6-5879-459E-AD7F-8C4E5465B217}.Debug|Any CPU.ActiveCfg = Debug|Any CPU
		{6D51F8A6-5879-459E-AD7F-8C4E5465B217}.Debug|Any CPU.Build.0 = Debug|Any CPU
		{6D51F8A6-5879-459E-AD7F-8C4E5465B217}.Debug|x64.ActiveCfg = Debug|Any CPU
		{6D51F8A6-5879-459E-AD7F-8C4E5465B217}.Debug|x64.Build.0 = Debug|Any CPU
		{6D51F8A6-5879-459E-AD7F-8C4E5465B217}.Debug|x86.ActiveCfg = Debug|Any CPU
		{6D51F8A6-5879-459E-AD7F-8C4E5465B217}.Debug|x86.Build.0 = Debug|Any CPU
		{6D51F8A6-5879-459E-AD7F-8C4E5465B217}.Release|Any CPU.ActiveCfg = Release|Any CPU
		{6D51F8A6-5879-459E-AD7F-8C4E5465B217}.Release|Any CPU.Build.0 = Release|Any CPU
		{6D51F8A6-5879-459E-AD7F-8C4E5465B217}.Release|x64.ActiveCfg = Release|Any CPU
		{6D51F8A6-5879-459E-AD7F-8C4E5465B217}.Release|x64.Build.0 = Release|Any CPU
		{6D51F8A6-5879-459E-AD7F-8C4E5465B217}.Release|x86.ActiveCfg = Release|Any CPU
		{6D51F8A6-5879-459E-AD7F-8C4E5465B217}.Release|x86.Build.0 = Release|Any CPU
		{FF2BA920-DE55-4F0B-B57A-16C35263AD28}.Debug|Any CPU.ActiveCfg = Debug|Any CPU
		{FF2BA920-DE55-4F0B-B57A-16C35263AD28}.Debug|Any CPU.Build.0 = Debug|Any CPU
		{FF2BA920-DE55-4F0B-B57A-16C35263AD28}.Debug|x64.ActiveCfg = Debug|Any CPU
		{FF2BA920-DE55-4F0B-B57A-16C35263AD28}.Debug|x64.Build.0 = Debug|Any CPU
		{FF2BA920-DE55-4F0B-B57A-16C35263AD28}.Debug|x86.ActiveCfg = Debug|Any CPU
		{FF2BA920-DE55-4F0B-B57A-16C35263AD28}.Debug|x86.Build.0 = Debug|Any CPU
		{FF2BA920-DE55-4F0B-B57A-16C35263AD28}.Release|Any CPU.ActiveCfg = Release|Any CPU
		{FF2BA920-DE55-4F0B-B57A-16C35263AD28}.Release|Any CPU.Build.0 = Release|Any CPU
		{FF2BA920-DE55-4F0B-B57A-16C35263AD28}.Release|x64.ActiveCfg = Release|Any CPU
		{FF2BA920-DE55-4F0B-B57A-16C35263AD28}.Release|x64.Build.0 = Release|Any CPU
		{FF2BA920-DE55-4F0B-B57A-16C35263AD28}.Release|x86.ActiveCfg = Release|Any CPU
		{FF2BA920-DE55-4F0B-B57A-16C35263AD28}.Release|x86.Build.0 = Release|Any CPU
	EndGlobalSection
	GlobalSection(SolutionProperties) = preSolution
		HideSolutionNode = FALSE
	EndGlobalSection
	GlobalSection(ExtensibilityGlobals) = postSolution
		SolutionGuid = {5D45DB89-BF4D-43F8-8481-F3A799FBB5CA}
	EndGlobalSection
EndGlobal
